
Microsoft Visual Studio Solution File, Format Version 12.00
# Visual Studio Version 17
VisualStudioVersion = 17.5.002.0
MinimumVisualStudioVersion = 10.0.40219.1
Project("{9A19103F-16F7-4668-BE54-9A1E7A4F7556}") = "ApexRestaurant.Api", "ApexRestaurant.Api\ApexRestaurant.Api.csproj", "{08CD31A1-8C62-4385-AEE6-706DF50B87C6}"
EndProject
Project("{9A19103F-16F7-4668-BE54-9A1E7A4F7556}") = "ApexRestaurant.Repository", "ApexRestaurant.Repository\ApexRestaurant.Repository.csproj", "{1CDAE67A-96E0-4F1B-9B2D-D4F4843A85F6}"
EndProject
Project("{9A19103F-16F7-4668-BE54-9A1E7A4F7556}") = "ApexRestaurant.Services", "ApexRestaurant.Services\ApexRestaurant.Services.csproj", "{904B6585-F826-4ECE-89C5-8EE3C3A3F743}"
EndProject
Global
	GlobalSection(SolutionConfigurationPlatforms) = preSolution
		Debug|Any CPU = Debug|Any CPU
		Release|Any CPU = Release|Any CPU
	EndGlobalSection
	GlobalSection(ProjectConfigurationPlatforms) = postSolution
		{08CD31A1-8C62-4385-AEE6-706DF50B87C6}.Debug|Any CPU.ActiveCfg = Debug|Any CPU
		{08CD31A1-8C62-4385-AEE6-706DF50B87C6}.Debug|Any CPU.Build.0 = Debug|Any CPU
		{08CD31A1-8C62-4385-AEE6-706DF50B87C6}.Release|Any CPU.ActiveCfg = Release|Any CPU
		{08CD31A1-8C62-4385-AEE6-706DF50B87C6}.Release|Any CPU.Build.0 = Release|Any CPU
		{1CDAE67A-96E0-4F1B-9B2D-D4F4843A85F6}.Debug|Any CPU.ActiveCfg = Debug|Any CPU
		{1CDAE67A-96E0-4F1B-9B2D-D4F4843A85F6}.Debug|Any CPU.Build.0 = Debug|Any CPU
		{1CDAE67A-96E0-4F1B-9B2D-D4F4843A85F6}.Release|Any CPU.ActiveCfg = Release|Any CPU
		{1CDAE67A-96E0-4F1B-9B2D-D4F4843A85F6}.Release|Any CPU.Build.0 = Release|Any CPU
		{904B6585-F826-4ECE-89C5-8EE3C3A3F743}.Debug|Any CPU.ActiveCfg = Debug|Any CPU
		{904B6585-F826-4ECE-89C5-8EE3C3A3F743}.Debug|Any CPU.Build.0 = Debug|Any CPU
		{904B6585-F826-4ECE-89C5-8EE3C3A3F743}.Release|Any CPU.ActiveCfg = Release|Any CPU
		{904B6585-F826-4ECE-89C5-8EE3C3A3F743}.Release|Any CPU.Build.0 = Release|Any CPU
	EndGlobalSection
	GlobalSection(SolutionProperties) = preSolution
		HideSolutionNode = FALSE
	EndGlobalSection
	GlobalSection(ExtensibilityGlobals) = postSolution
		SolutionGuid = {C345BF9C-60A2-471B-B61F-2D64A814A545}
	EndGlobalSection
EndGlobal
